{
  "lockfileVersion": 1,
  "workspaces": {
    "": {
      "devDependencies": {
        "mermaid": "^11.12.3",
        "vitepress": "^1.0.1",
        "vitepress-plugin-mermaid": "^2.0.17",
      },
    },
  },
  "packages": {
    "@algolia/autocomplete-core": ["@algolia/autocomplete-core@1.9.3", "", { "dependencies": { "@algolia/autocomplete-plugin-algolia-insights": "1.9.3", "@algolia/autocomplete-shared": "1.9.3" } }, ""],

    "@algolia/autocomplete-plugin-algolia-insights": ["@algolia/autocomplete-plugin-algolia-insights@1.9.3", "", { "dependencies": { "@algolia/autocomplete-shared": "1.9.3" }, "peerDependencies": { "search-insights": ">= 1 < 3" } }, ""],

    "@algolia/autocomplete-preset-algolia": ["@algolia/autocomplete-preset-algolia@1.9.3", "", { "dependencies": { "@algolia/autocomplete-shared": "1.9.3" }, "peerDependencies": { "@algolia/client-search": ">= 4.9.1 < 6", "algoliasearch": ">= 4.9.1 < 6" } }, ""],

    "@algolia/autocomplete-shared": ["@algolia/autocomplete-shared@1.9.3", "", { "peerDependencies": { "@algolia/client-search": ">= 4.9.1 < 6", "algoliasearch": ">= 4.9.1 < 6" } }, ""],

    "@algolia/cache-browser-local-storage": ["@algolia/cache-browser-local-storage@4.22.1", "", { "dependencies": { "@algolia/cache-common": "4.22.1" } }, ""],

    "@algolia/cache-common": ["@algolia/cache-common@4.22.1", "", {}, ""],

    "@algolia/cache-in-memory": ["@algolia/cache-in-memory@4.22.1", "", { "dependencies": { "@algolia/cache-common": "4.22.1" } }, ""],

    "@algolia/client-account": ["@algolia/client-account@4.22.1", "", { "dependencies": { "@algolia/client-common": "4.22.1", "@algolia/client-search": "4.22.1", "@algolia/transporter": "4.22.1" } }, ""],

    "@algolia/client-analytics": ["@algolia/client-analytics@4.22.1", "", { "dependencies": { "@algolia/client-common": "4.22.1", "@algolia/client-search": "4.22.1", "@algolia/requester-common": "4.22.1", "@algolia/transporter": "4.22.1" } }, ""],

    "@algolia/client-common": ["@algolia/client-common@4.22.1", "", { "dependencies": { "@algolia/requester-common": "4.22.1", "@algolia/transporter": "4.22.1" } }, ""],

    "@algolia/client-personalization": ["@algolia/client-personalization@4.22.1", "", { "dependencies": { "@algolia/client-common": "4.22.1", "@algolia/requester-common": "4.22.1", "@algolia/transporter": "4.22.1" } }, ""],

    "@algolia/client-search": ["@algolia/client-search@4.22.1", "", { "dependencies": { "@algolia/client-common": "4.22.1", "@algolia/requester-common": "4.22.1", "@algolia/transporter": "4.22.1" } }, ""],

    "@algolia/logger-common": ["@algolia/logger-common@4.22.1", "", {}, ""],

    "@algolia/logger-console": ["@algolia/logger-console@4.22.1", "", { "dependencies": { "@algolia/logger-common": "4.22.1" } }, ""],

    "@algolia/requester-browser-xhr": ["@algolia/requester-browser-xhr@4.22.1", "", { "dependencies": { "@algolia/requester-common": "4.22.1" } }, ""],

    "@algolia/requester-common": ["@algolia/requester-common@4.22.1", "", {}, ""],

    "@algolia/requester-node-http": ["@algolia/requester-node-http@4.22.1", "", { "dependencies": { "@algolia/requester-common": "4.22.1" } }, ""],

    "@algolia/transporter": ["@algolia/transporter@4.22.1", "", { "dependencies": { "@algolia/cache-common": "4.22.1", "@algolia/logger-common": "4.22.1", "@algolia/requester-common": "4.22.1" } }, ""],

    "@antfu/install-pkg": ["@antfu/install-pkg@1.1.0", "", { "dependencies": { "package-manager-detector": "^1.3.0", "tinyexec": "^1.0.1" } }, "sha512-MGQsmw10ZyI+EJo45CdSER4zEb+p31LpDAFp2Z3gkSd1yqVZGi0Ebx++YTEMonJy4oChEMLsxZ64j8FH6sSqtQ=="],

    "@babel/parser": ["@babel/parser@7.24.1", "", { "bin": { "parser": "bin/babel-parser.js" } }, ""],

    "@braintree/sanitize-url": ["@braintree/sanitize-url@7.1.2", "", {}, "sha512-jigsZK+sMF/cuiB7sERuo9V7N9jx+dhmHHnQyDSVdpZwVutaBu7WvNYqMDLSgFgfB30n452TP3vjDAvFC973mA=="],

    "@chevrotain/cst-dts-gen": ["@chevrotain/cst-dts-gen@11.1.2", "", { "dependencies": { "@chevrotain/gast": "11.1.2", "@chevrotain/types": "11.1.2", "lodash-es": "4.17.23" } }, "sha512-XTsjvDVB5nDZBQB8o0o/0ozNelQtn2KrUVteIHSlPd2VAV2utEb6JzyCJaJ8tGxACR4RiBNWy5uYUHX2eji88Q=="],

    "@chevrotain/gast": ["@chevrotain/gast@11.1.2", "", { "dependencies": { "@chevrotain/types": "11.1.2", "lodash-es": "4.17.23" } }, "sha512-Z9zfXR5jNZb1Hlsd/p+4XWeUFugrHirq36bKzPWDSIacV+GPSVXdk+ahVWZTwjhNwofAWg/sZg58fyucKSQx5g=="],

    "@chevrotain/regexp-to-ast": ["@chevrotain/regexp-to-ast@11.1.2", "", {}, "sha512-nMU3Uj8naWer7xpZTYJdxbAs6RIv/dxYzkYU8GSwgUtcAAlzjcPfX1w+RKRcYG8POlzMeayOQ/znfwxEGo5ulw=="],

    "@chevrotain/types": ["@chevrotain/types@11.1.2", "", {}, "sha512-U+HFai5+zmJCkK86QsaJtoITlboZHBqrVketcO2ROv865xfCMSFpELQoz1GkX5GzME8pTa+3kbKrZHQtI0gdbw=="],

    "@chevrotain/utils": ["@chevrotain/utils@11.1.2", "", {}, "sha512-4mudFAQ6H+MqBTfqLmU7G1ZwRzCLfJEooL/fsF6rCX5eePMbGhoy5n4g+G4vlh2muDcsCTJtL+uKbOzWxs5LHA=="],

    "@docsearch/css": ["@docsearch/css@3.6.0", "", {}, ""],

    "@docsearch/js": ["@docsearch/js@3.6.0", "", { "dependencies": { "@docsearch/react": "3.6.0", "preact": "^10.0.0" } }, ""],

    "@docsearch/react": ["@docsearch/react@3.6.0", "", { "dependencies": { "@algolia/autocomplete-core": "1.9.3", "@algolia/autocomplete-preset-algolia": "1.9.3", "@docsearch/css": "3.6.0", "algoliasearch": "^4.19.1" }, "peerDependencies": { "@types/react": ">= 16.8.0 < 19.0.0", "react": ">= 16.8.0 < 19.0.0", "react-dom": ">= 16.8.0 < 19.0.0", "search-insights": ">= 1 < 3" }, "optionalPeers": ["@types/react", "react", "react-dom"] }, ""],

    "@esbuild/darwin-arm64": ["@esbuild/darwin-arm64@0.20.2", "", { "os": "darwin", "cpu": "arm64" }, ""],

    "@iconify/types": ["@iconify/types@2.0.0", "", {}, "sha512-+wluvCrRhXrhyOmRDJ3q8mux9JkKy5SJ/v8ol2tu4FVjyYvtEzkc/3pK15ET6RKg4b4w4BmTk1+gsCUhf21Ykg=="],

    "@iconify/utils": ["@iconify/utils@3.1.0", "", { "dependencies": { "@antfu/install-pkg": "^1.1.0", "@iconify/types": "^2.0.0", "mlly": "^1.8.0" } }, "sha512-Zlzem1ZXhI1iHeeERabLNzBHdOa4VhQbqAcOQaMKuTuyZCpwKbC2R4Dd0Zo3g9EAc+Y4fiarO8HIHRAth7+skw=="],

    "@jridgewell/sourcemap-codec": ["@jridgewell/sourcemap-codec@1.4.15", "", {}, ""],

    "@mermaid-js/mermaid-mindmap": ["@mermaid-js/mermaid-mindmap@9.3.0", "", { "dependencies": { "@braintree/sanitize-url": "^6.0.0", "cytoscape": "^3.23.0", "cytoscape-cose-bilkent": "^4.1.0", "cytoscape-fcose": "^2.1.0", "d3": "^7.0.0", "khroma": "^2.0.0", "non-layered-tidy-tree-layout": "^2.0.2" } }, "sha512-IhtYSVBBRYviH1Ehu8gk69pMDF8DSRqXBRDMWrEfHoaMruHeaP2DXA3PBnuwsMaCdPQhlUUcy/7DBLAEIXvCAw=="],

    "@mermaid-js/parser": ["@mermaid-js/parser@1.0.0", "", { "dependencies": { "langium": "^4.0.0" } }, "sha512-vvK0Hi/VWndxoh03Mmz6wa1KDriSPjS2XMZL/1l19HFwygiObEEoEwSDxOqyLzzAI6J2PU3261JjTMTO7x+BPw=="],

    "@rollup/rollup-darwin-arm64": ["@rollup/rollup-darwin-arm64@4.13.0", "", { "os": "darwin", "cpu": "arm64" }, ""],

    "@shikijs/core": ["@shikijs/core@1.2.0", "", {}, ""],

    "@shikijs/transformers": ["@shikijs/transformers@1.2.0", "", { "dependencies": { "shiki": "1.2.0" } }, ""],

    "@types/d3": ["@types/d3@7.4.3", "", { "dependencies": { "@types/d3-array": "*", "@types/d3-axis": "*", "@types/d3-brush": "*", "@types/d3-chord": "*", "@types/d3-color": "*", "@types/d3-contour": "*", "@types/d3-delaunay": "*", "@types/d3-dispatch": "*", "@types/d3-drag": "*", "@types/d3-dsv": "*", "@types/d3-ease": "*", "@types/d3-fetch": "*", "@types/d3-force": "*", "@types/d3-format": "*", "@types/d3-geo": "*", "@types/d3-hierarchy": "*", "@types/d3-interpolate": "*", "@types/d3-path": "*", "@types/d3-polygon": "*", "@types/d3-quadtree": "*", "@types/d3-random": "*", "@types/d3-scale": "*", "@types/d3-scale-chromatic": "*", "@types/d3-selection": "*", "@types/d3-shape": "*", "@types/d3-time": "*", "@types/d3-time-format": "*", "@types/d3-timer": "*", "@types/d3-transition": "*", "@types/d3-zoom": "*" } }, "sha512-lZXZ9ckh5R8uiFVt8ogUNf+pIrK4EsWrx2Np75WvF/eTpJ0FMHNhjXk8CKEx/+gpHbNQyJWehbFaTvqmHWB3ww=="],

    "@types/d3-array": ["@types/d3-array@3.2.2", "", {}, "sha512-hOLWVbm7uRza0BYXpIIW5pxfrKe0W+D5lrFiAEYR+pb6w3N2SwSMaJbXdUfSEv+dT4MfHBLtn5js0LAWaO6otw=="],

    "@types/d3-axis": ["@types/d3-axis@3.0.6", "", { "dependencies": { "@types/d3-selection": "*" } }, "sha512-pYeijfZuBd87T0hGn0FO1vQ/cgLk6E1ALJjfkC0oJ8cbwkZl3TpgS8bVBLZN+2jjGgg38epgxb2zmoGtSfvgMw=="],

    "@types/d3-brush": ["@types/d3-brush@3.0.6", "", { "dependencies": { "@types/d3-selection": "*" } }, "sha512-nH60IZNNxEcrh6L1ZSMNA28rj27ut/2ZmI3r96Zd+1jrZD++zD3LsMIjWlvg4AYrHn/Pqz4CF3veCxGjtbqt7A=="],

    "@types/d3-chord": ["@types/d3-chord@3.0.6", "", {}, "sha512-LFYWWd8nwfwEmTZG9PfQxd17HbNPksHBiJHaKuY1XeqscXacsS2tyoo6OdRsjf+NQYeB6XrNL3a25E3gH69lcg=="],

    "@types/d3-color": ["@types/d3-color@3.1.3", "", {}, "sha512-iO90scth9WAbmgv7ogoq57O9YpKmFBbmoEoCHDB2xMBY0+/KVrqAaCDyCE16dUspeOvIxFFRI+0sEtqDqy2b4A=="],

    "@types/d3-contour": ["@types/d3-contour@3.0.6", "", { "dependencies": { "@types/d3-array": "*", "@types/geojson": "*" } }, "sha512-BjzLgXGnCWjUSYGfH1cpdo41/hgdWETu4YxpezoztawmqsvCeep+8QGfiY6YbDvfgHz/DkjeIkkZVJavB4a3rg=="],

    "@types/d3-delaunay": ["@types/d3-delaunay@6.0.4", "", {}, "sha512-ZMaSKu4THYCU6sV64Lhg6qjf1orxBthaC161plr5KuPHo3CNm8DTHiLw/5Eq2b6TsNP0W0iJrUOFscY6Q450Hw=="],

    "@types/d3-dispatch": ["@types/d3-dispatch@3.0.7", "", {}, "sha512-5o9OIAdKkhN1QItV2oqaE5KMIiXAvDWBDPrD85e58Qlz1c1kI/J0NcqbEG88CoTwJrYe7ntUCVfeUl2UJKbWgA=="],

    "@types/d3-drag": ["@types/d3-drag@3.0.7", "", { "dependencies": { "@types/d3-selection": "*" } }, "sha512-HE3jVKlzU9AaMazNufooRJ5ZpWmLIoc90A37WU2JMmeq28w1FQqCZswHZ3xR+SuxYftzHq6WU6KJHvqxKzTxxQ=="],

    "@types/d3-dsv": ["@types/d3-dsv@3.0.7", "", {}, "sha512-n6QBF9/+XASqcKK6waudgL0pf/S5XHPPI8APyMLLUHd8NqouBGLsU8MgtO7NINGtPBtk9Kko/W4ea0oAspwh9g=="],

    "@types/d3-ease": ["@types/d3-ease@3.0.2", "", {}, "sha512-NcV1JjO5oDzoK26oMzbILE6HW7uVXOHLQvHshBUW4UMdZGfiY6v5BeQwh9a9tCzv+CeefZQHJt5SRgK154RtiA=="],

    "@types/d3-fetch": ["@types/d3-fetch@3.0.7", "", { "dependencies": { "@types/d3-dsv": "*" } }, "sha512-fTAfNmxSb9SOWNB9IoG5c8Hg6R+AzUHDRlsXsDZsNp6sxAEOP0tkP3gKkNSO/qmHPoBFTxNrjDprVHDQDvo5aA=="],

    "@types/d3-force": ["@types/d3-force@3.0.10", "", {}, "sha512-ZYeSaCF3p73RdOKcjj+swRlZfnYpK1EbaDiYICEEp5Q6sUiqFaFQ9qgoshp5CzIyyb/yD09kD9o2zEltCexlgw=="],

    "@types/d3-format": ["@types/d3-format@3.0.4", "", {}, "sha512-fALi2aI6shfg7vM5KiR1wNJnZ7r6UuggVqtDA+xiEdPZQwy/trcQaHnwShLuLdta2rTymCNpxYTiMZX/e09F4g=="],

    "@types/d3-geo": ["@types/d3-geo@3.1.0", "", { "dependencies": { "@types/geojson": "*" } }, "sha512-856sckF0oP/diXtS4jNsiQw/UuK5fQG8l/a9VVLeSouf1/PPbBE1i1W852zVwKwYCBkFJJB7nCFTbk6UMEXBOQ=="],

    "@types/d3-hierarchy": ["@types/d3-hierarchy@3.1.7", "", {}, "sha512-tJFtNoYBtRtkNysX1Xq4sxtjK8YgoWUNpIiUee0/jHGRwqvzYxkq0hGVbbOGSz+JgFxxRu4K8nb3YpG3CMARtg=="],

    "@types/d3-interpolate": ["@types/d3-interpolate@3.0.4", "", { "dependencies": { "@types/d3-color": "*" } }, "sha512-mgLPETlrpVV1YRJIglr4Ez47g7Yxjl1lj7YKsiMCb27VJH9W8NVM6Bb9d8kkpG/uAQS5AmbA48q2IAolKKo1MA=="],

    "@types/d3-path": ["@types/d3-path@3.1.1", "", {}, "sha512-VMZBYyQvbGmWyWVea0EHs/BwLgxc+MKi1zLDCONksozI4YJMcTt8ZEuIR4Sb1MMTE8MMW49v0IwI5+b7RmfWlg=="],

    "@types/d3-polygon": ["@types/d3-polygon@3.0.2", "", {}, "sha512-ZuWOtMaHCkN9xoeEMr1ubW2nGWsp4nIql+OPQRstu4ypeZ+zk3YKqQT0CXVe/PYqrKpZAi+J9mTs05TKwjXSRA=="],

    "@types/d3-quadtree": ["@types/d3-quadtree@3.0.6", "", {}, "sha512-oUzyO1/Zm6rsxKRHA1vH0NEDG58HrT5icx/azi9MF1TWdtttWl0UIUsjEQBBh+SIkrpd21ZjEv7ptxWys1ncsg=="],

    "@types/d3-random": ["@types/d3-random@3.0.3", "", {}, "sha512-Imagg1vJ3y76Y2ea0871wpabqp613+8/r0mCLEBfdtqC7xMSfj9idOnmBYyMoULfHePJyxMAw3nWhJxzc+LFwQ=="],

    "@types/d3-scale": ["@types/d3-scale@4.0.9", "", { "dependencies": { "@types/d3-time": "*" } }, "sha512-dLmtwB8zkAeO/juAMfnV+sItKjlsw2lKdZVVy6LRr0cBmegxSABiLEpGVmSJJ8O08i4+sGR6qQtb6WtuwJdvVw=="],

    "@types/d3-scale-chromatic": ["@types/d3-scale-chromatic@3.1.0", "", {}, "sha512-iWMJgwkK7yTRmWqRB5plb1kadXyQ5Sj8V/zYlFGMUBbIPKQScw+Dku9cAAMgJG+z5GYDoMjWGLVOvjghDEFnKQ=="],

    "@types/d3-selection": ["@types/d3-selection@3.0.11", "", {}, "sha512-bhAXu23DJWsrI45xafYpkQ4NtcKMwWnAC/vKrd2l+nxMFuvOT3XMYTIj2opv8vq8AO5Yh7Qac/nSeP/3zjTK0w=="],

    "@types/d3-shape": ["@types/d3-shape@3.1.8", "", { "dependencies": { "@types/d3-path": "*" } }, "sha512-lae0iWfcDeR7qt7rA88BNiqdvPS5pFVPpo5OfjElwNaT2yyekbM0C9vK+yqBqEmHr6lDkRnYNoTBYlAgJa7a4w=="],

    "@types/d3-time": ["@types/d3-time@3.0.4", "", {}, "sha512-yuzZug1nkAAaBlBBikKZTgzCeA+k1uy4ZFwWANOfKw5z5LRhV0gNA7gNkKm7HoK+HRN0wX3EkxGk0fpbWhmB7g=="],

    "@types/d3-time-format": ["@types/d3-time-format@4.0.3", "", {}, "sha512-5xg9rC+wWL8kdDj153qZcsJ0FWiFt0J5RB6LYUNZjwSnesfblqrI/bJ1wBdJ8OQfncgbJG5+2F+qfqnqyzYxyg=="],

    "@types/d3-timer": ["@types/d3-timer@3.0.2", "", {}, "sha512-Ps3T8E8dZDam6fUyNiMkekK3XUsaUEik+idO9/YjPtfj2qruF8tFBXS7XhtE4iIXBLxhmLjP3SXpLhVf21I9Lw=="],

    "@types/d3-transition": ["@types/d3-transition@3.0.9", "", { "dependencies": { "@types/d3-selection": "*" } }, "sha512-uZS5shfxzO3rGlu0cC3bjmMFKsXv+SmZZcgp0KD22ts4uGXp5EVYGzu/0YdwZeKmddhcAccYtREJKkPfXkZuCg=="],

    "@types/d3-zoom": ["@types/d3-zoom@3.0.8", "", { "dependencies": { "@types/d3-interpolate": "*", "@types/d3-selection": "*" } }, "sha512-iqMC4/YlFCSlO8+2Ii1GGGliCAY4XdeG748w5vQUbevlbDu0zSjH/+jojorQVBK/se0j6DUFNPBGSqD3YWYnDw=="],

    "@types/estree": ["@types/estree@1.0.5", "", {}, ""],

    "@types/geojson": ["@types/geojson@7946.0.16", "", {}, "sha512-6C8nqWur3j98U6+lXDfTUWIfgvZU+EumvpHKcYjujKH7woYyLj2sUmff0tRhrqM7BohUw7Pz3ZB1jj2gW9Fvmg=="],

    "@types/linkify-it": ["@types/linkify-it@3.0.5", "", {}, ""],

    "@types/markdown-it": ["@types/markdown-it@13.0.7", "", { "dependencies": { "@types/linkify-it": "*", "@types/mdurl": "*" } }, ""],

    "@types/mdurl": ["@types/mdurl@1.0.5", "", {}, ""],

    "@types/trusted-types": ["@types/trusted-types@2.0.7", "", {}, "sha512-ScaPdn1dQczgbl0QFTeTOmVHFULt394XJgOQNoyVhZ6r2vLnMLJfBPd53SB52T/3G36VI1/g2MZaX0cwDuXsfw=="],

    "@types/web-bluetooth": ["@types/web-bluetooth@0.0.20", "", {}, ""],

    "@vitejs/plugin-vue": ["@vitejs/plugin-vue@5.0.4", "", { "peerDependencies": { "vite": "^5.0.0", "vue": "^3.2.25" } }, ""],

    "@vue/compiler-core": ["@vue/compiler-core@3.4.21", "", { "dependencies": { "@babel/parser": "^7.23.9", "@vue/shared": "3.4.21", "entities": "^4.5.0", "estree-walker": "^2.0.2", "source-map-js": "^1.0.2" } }, ""],

    "@vue/compiler-dom": ["@vue/compiler-dom@3.4.21", "", { "dependencies": { "@vue/compiler-core": "3.4.21", "@vue/shared": "3.4.21" } }, ""],

    "@vue/compiler-sfc": ["@vue/compiler-sfc@3.4.21", "", { "dependencies": { "@babel/parser": "^7.23.9", "@vue/compiler-core": "3.4.21", "@vue/compiler-dom": "3.4.21", "@vue/compiler-ssr": "3.4.21", "@vue/shared": "3.4.21", "estree-walker": "^2.0.2", "magic-string": "^0.30.7", "postcss": "^8.4.35", "source-map-js": "^1.0.2" } }, ""],

    "@vue/compiler-ssr": ["@vue/compiler-ssr@3.4.21", "", { "dependencies": { "@vue/compiler-dom": "3.4.21", "@vue/shared": "3.4.21" } }, ""],

    "@vue/devtools-api": ["@vue/devtools-api@7.0.20", "", { "dependencies": { "@vue/devtools-kit": "^7.0.20" } }, ""],

    "@vue/devtools-kit": ["@vue/devtools-kit@7.0.20", "", { "dependencies": { "@vue/devtools-shared": "^7.0.20", "hookable": "^5.5.3", "mitt": "^3.0.1", "perfect-debounce": "^1.0.0", "speakingurl": "^14.0.1" }, "peerDependencies": { "vue": "^3.0.0" } }, ""],

    "@vue/devtools-shared": ["@vue/devtools-shared@7.0.20", "", { "dependencies": { "rfdc": "^1.3.1" } }, ""],

    "@vue/reactivity": ["@vue/reactivity@3.4.21", "", { "dependencies": { "@vue/shared": "3.4.21" } }, ""],

    "@vue/runtime-core": ["@vue/runtime-core@3.4.21", "", { "dependencies": { "@vue/reactivity": "3.4.21", "@vue/shared": "3.4.21" } }, ""],

    "@vue/runtime-dom": ["@vue/runtime-dom@3.4.21", "", { "dependencies": { "@vue/runtime-core": "3.4.21", "@vue/shared": "3.4.21", "csstype": "^3.1.3" } }, ""],

    "@vue/server-renderer": ["@vue/server-renderer@3.4.21", "", { "dependencies": { "@vue/compiler-ssr": "3.4.21", "@vue/shared": "3.4.21" }, "peerDependencies": { "vue": "3.4.21" } }, ""],

    "@vue/shared": ["@vue/shared@3.4.21", "", {}, ""],

    "@vueuse/core": ["@vueuse/core@10.9.0", "", { "dependencies": { "@types/web-bluetooth": "^0.0.20", "@vueuse/metadata": "10.9.0", "@vueuse/shared": "10.9.0", "vue-demi": ">=0.14.7" } }, ""],

    "@vueuse/integrations": ["@vueuse/integrations@10.9.0", "", { "dependencies": { "@vueuse/core": "10.9.0", "@vueuse/shared": "10.9.0", "vue-demi": ">=0.14.7" }, "peerDependencies": { "async-validator": "*", "axios": "*", "change-case": "*", "drauu": "*", "focus-trap": "*", "fuse.js": "*", "idb-keyval": "*", "jwt-decode": "*", "nprogress": "*", "qrcode": "*", "sortablejs": "*", "universal-cookie": "*" }, "optionalPeers": ["async-validator", "axios", "change-case", "drauu", "fuse.js", "idb-keyval", "jwt-decode", "nprogress", "qrcode", "sortablejs", "universal-cookie"] }, ""],

    "@vueuse/metadata": ["@vueuse/metadata@10.9.0", "", {}, ""],

    "@vueuse/shared": ["@vueuse/shared@10.9.0", "", { "dependencies": { "vue-demi": ">=0.14.7" } }, ""],

    "acorn": ["acorn@8.16.0", "", { "bin": { "acorn": "bin/acorn" } }, "sha512-UVJyE9MttOsBQIDKw1skb9nAwQuR5wuGD3+82K6JgJlm/Y+KI92oNsMNGZCYdDsVtRHSak0pcV5Dno5+4jh9sw=="],

    "algoliasearch": ["algoliasearch@4.22.1", "", { "dependencies": { "@algolia/cache-browser-local-storage": "4.22.1", "@algolia/cache-common": "4.22.1", "@algolia/cache-in-memory": "4.22.1", "@algolia/client-account": "4.22.1", "@algolia/client-analytics": "4.22.1", "@algolia/client-common": "4.22.1", "@algolia/client-personalization": "4.22.1", "@algolia/client-search": "4.22.1", "@algolia/logger-common": "4.22.1", "@algolia/logger-console": "4.22.1", "@algolia/requester-browser-xhr": "4.22.1", "@algolia/requester-common": "4.22.1", "@algolia/requester-node-http": "4.22.1", "@algolia/transporter": "4.22.1" } }, ""],

    "chevrotain": ["chevrotain@11.1.2", "", { "dependencies": { "@chevrotain/cst-dts-gen": "11.1.2", "@chevrotain/gast": "11.1.2", "@chevrotain/regexp-to-ast": "11.1.2", "@chevrotain/types": "11.1.2", "@chevrotain/utils": "11.1.2", "lodash-es": "4.17.23" } }, "sha512-opLQzEVriiH1uUQ4Kctsd49bRoFDXGGSC4GUqj7pGyxM3RehRhvTlZJc1FL/Flew2p5uwxa1tUDWKzI4wNM8pg=="],

    "chevrotain-allstar": ["chevrotain-allstar@0.3.1", "", { "dependencies": { "lodash-es": "^4.17.21" }, "peerDependencies": { "chevrotain": "^11.0.0" } }, "sha512-b7g+y9A0v4mxCW1qUhf3BSVPg+/NvGErk/dOkrDaHA0nQIQGAtrOjlX//9OQtRlSCy+x9rfB5N8yC71lH1nvMw=="],

    "commander": ["commander@8.3.0", "", {}, "sha512-OkTL9umf+He2DZkUq8f8J9of7yL6RJKI24dVITBmNfZBmri9zYZQrKkuXiKhyfPSu8tUhnVBB1iKXevvnlR4Ww=="],

    "confbox": ["confbox@0.1.8", "", {}, "sha512-RMtmw0iFkeR4YV+fUOSucriAQNb9g8zFR52MWCtl+cCZOFRNL6zeB395vPzFhEjjn4fMxXudmELnl/KF/WrK6w=="],

    "cose-base": ["cose-base@1.0.3", "", { "dependencies": { "layout-base": "^1.0.0" } }, "sha512-s9whTXInMSgAp/NVXVNuVxVKzGH2qck3aQlVHxDCdAEPgtMKwc4Wq6/QKhgdEdgbLSi9rBTAcPoRa6JpiG4ksg=="],

    "csstype": ["csstype@3.1.3", "", {}, ""],

    "cytoscape": ["cytoscape@3.33.1", "", {}, "sha512-iJc4TwyANnOGR1OmWhsS9ayRS3s+XQ185FmuHObThD+5AeJCakAAbWv8KimMTt08xCCLNgneQwFp+JRJOr9qGQ=="],

    "cytoscape-cose-bilkent": ["cytoscape-cose-bilkent@4.1.0", "", { "dependencies": { "cose-base": "^1.0.0" }, "peerDependencies": { "cytoscape": "^3.2.0" } }, "sha512-wgQlVIUJF13Quxiv5e1gstZ08rnZj2XaLHGoFMYXz7SkNfCDOOteKBE6SYRfA9WxxI/iBc3ajfDoc6hb/MRAHQ=="],

    "cytoscape-fcose": ["cytoscape-fcose@2.2.0", "", { "dependencies": { "cose-base": "^2.2.0" }, "peerDependencies": { "cytoscape": "^3.2.0" } }, "sha512-ki1/VuRIHFCzxWNrsshHYPs6L7TvLu3DL+TyIGEsRcvVERmxokbf5Gdk7mFxZnTdiGtnA4cfSmjZJMviqSuZrQ=="],

    "d3": ["d3@7.9.0", "", { "dependencies": { "d3-array": "3", "d3-axis": "3", "d3-brush": "3", "d3-chord": "3", "d3-color": "3", "d3-contour": "4", "d3-delaunay": "6", "d3-dispatch": "3", "d3-drag": "3", "d3-dsv": "3", "d3-ease": "3", "d3-fetch": "3", "d3-force": "3", "d3-format": "3", "d3-geo": "3", "d3-hierarchy": "3", "d3-interpolate": "3", "d3-path": "3", "d3-polygon": "3", "d3-quadtree": "3", "d3-random": "3", "d3-scale": "4", "d3-scale-chromatic": "3", "d3-selection": "3", "d3-shape": "3", "d3-time": "3", "d3-time-format": "4", "d3-timer": "3", "d3-transition": "3", "d3-zoom": "3" } }, "sha512-e1U46jVP+w7Iut8Jt8ri1YsPOvFpg46k+K8TpCb0P+zjCkjkPnV7WzfDJzMHy1LnA+wj5pLT1wjO901gLXeEhA=="],

    "d3-array": ["d3-array@3.2.4", "", { "dependencies": { "internmap": "1 - 2" } }, "sha512-tdQAmyA18i4J7wprpYq8ClcxZy3SC31QMeByyCFyRt7BVHdREQZ5lpzoe5mFEYZUWe+oq8HBvk9JjpibyEV4Jg=="],

    "d3-axis": ["d3-axis@3.0.0", "", {}, "sha512-IH5tgjV4jE/GhHkRV0HiVYPDtvfjHQlQfJHs0usq7M30XcSBvOotpmH1IgkcXsO/5gEQZD43B//fc7SRT5S+xw=="],

    "d3-brush": ["d3-brush@3.0.0", "", { "dependencies": { "d3-dispatch": "1 - 3", "d3-drag": "2 - 3", "d3-interpolate": "1 - 3", "d3-selection": "3", "d3-transition": "3" } }, "sha512-ALnjWlVYkXsVIGlOsuWH1+3udkYFI48Ljihfnh8FZPF2QS9o+PzGLBslO0PjzVoHLZ2KCVgAM8NVkXPJB2aNnQ=="],

    "d3-chord": ["d3-chord@3.0.1", "", { "dependencies": { "d3-path": "1 - 3" } }, "sha512-VE5S6TNa+j8msksl7HwjxMHDM2yNK3XCkusIlpX5kwauBfXuyLAtNg9jCp/iHH61tgI4sb6R/EIMWCqEIdjT/g=="],

    "d3-color": ["d3-color@3.1.0", "", {}, "sha512-zg/chbXyeBtMQ1LbD/WSoW2DpC3I0mpmPdW+ynRTj/x2DAWYrIY7qeZIHidozwV24m4iavr15lNwIwLxRmOxhA=="],

    "d3-contour": ["d3-contour@4.0.2", "", { "dependencies": { "d3-array": "^3.2.0" } }, "sha512-4EzFTRIikzs47RGmdxbeUvLWtGedDUNkTcmzoeyg4sP/dvCexO47AaQL7VKy/gul85TOxw+IBgA8US2xwbToNA=="],

    "d3-delaunay": ["d3-delaunay@6.0.4", "", { "dependencies": { "delaunator": "5" } }, "sha512-mdjtIZ1XLAM8bm/hx3WwjfHt6Sggek7qH043O8KEjDXN40xi3vx/6pYSVTwLjEgiXQTbvaouWKynLBiUZ6SK6A=="],

    "d3-dispatch": ["d3-dispatch@3.0.1", "", {}, "sha512-rzUyPU/S7rwUflMyLc1ETDeBj0NRuHKKAcvukozwhshr6g6c5d8zh4c2gQjY2bZ0dXeGLWc1PF174P2tVvKhfg=="],

    "d3-drag": ["d3-drag@3.0.0", "", { "dependencies": { "d3-dispatch": "1 - 3", "d3-selection": "3" } }, "sha512-pWbUJLdETVA8lQNJecMxoXfH6x+mO2UQo8rSmZ+QqxcbyA3hfeprFgIT//HW2nlHChWeIIMwS2Fq+gEARkhTkg=="],

    "d3-dsv": ["d3-dsv@3.0.1", "", { "dependencies": { "commander": "7", "iconv-lite": "0.6", "rw": "1" }, "bin": { "csv2json": "bin/dsv2json.js", "csv2tsv": "bin/dsv2dsv.js", "dsv2dsv": "bin/dsv2dsv.js", "dsv2json": "bin/dsv2json.js", "json2csv": "bin/json2dsv.js", "json2dsv": "bin/json2dsv.js", "json2tsv": "bin/json2dsv.js", "tsv2csv": "bin/dsv2dsv.js", "tsv2json": "bin/dsv2json.js" } }, "sha512-UG6OvdI5afDIFP9w4G0mNq50dSOsXHJaRE8arAS5o9ApWnIElp8GZw1Dun8vP8OyHOZ/QJUKUJwxiiCCnUwm+Q=="],

    "d3-ease": ["d3-ease@3.0.1", "", {}, "sha512-wR/XK3D3XcLIZwpbvQwQ5fK+8Ykds1ip7A2Txe0yxncXSdq1L9skcG7blcedkOX+ZcgxGAmLX1FrRGbADwzi0w=="],

    "d3-fetch": ["d3-fetch@3.0.1", "", { "dependencies": { "d3-dsv": "1 - 3" } }, "sha512-kpkQIM20n3oLVBKGg6oHrUchHM3xODkTzjMoj7aWQFq5QEM+R6E4WkzT5+tojDY7yjez8KgCBRoj4aEr99Fdqw=="],

    "d3-force": ["d3-force@3.0.0", "", { "dependencies": { "d3-dispatch": "1 - 3", "d3-quadtree": "1 - 3", "d3-timer": "1 - 3" } }, "sha512-zxV/SsA+U4yte8051P4ECydjD/S+qeYtnaIyAs9tgHCqfguma/aAQDjo85A9Z6EKhBirHRJHXIgJUlffT4wdLg=="],

    "d3-format": ["d3-format@3.1.2", "", {}, "sha512-AJDdYOdnyRDV5b6ArilzCPPwc1ejkHcoyFarqlPqT7zRYjhavcT3uSrqcMvsgh2CgoPbK3RCwyHaVyxYcP2Arg=="],

    "d3-geo": ["d3-geo@3.1.1", "", { "dependencies": { "d3-array": "2.5.0 - 3" } }, "sha512-637ln3gXKXOwhalDzinUgY83KzNWZRKbYubaG+fGVuc/dxO64RRljtCTnf5ecMyE1RIdtqpkVcq0IbtU2S8j2Q=="],

    "d3-hierarchy": ["d3-hierarchy@3.1.2", "", {}, "sha512-FX/9frcub54beBdugHjDCdikxThEqjnR93Qt7PvQTOHxyiNCAlvMrHhclk3cD5VeAaq9fxmfRp+CnWw9rEMBuA=="],

    "d3-interpolate": ["d3-interpolate@3.0.1", "", { "dependencies": { "d3-color": "1 - 3" } }, "sha512-3bYs1rOD33uo8aqJfKP3JWPAibgw8Zm2+L9vBKEHJ2Rg+viTR7o5Mmv5mZcieN+FRYaAOWX5SJATX6k1PWz72g=="],

    "d3-path": ["d3-path@3.1.0", "", {}, "sha512-p3KP5HCf/bvjBSSKuXid6Zqijx7wIfNW+J/maPs+iwR35at5JCbLUT0LzF1cnjbCHWhqzQTIN2Jpe8pRebIEFQ=="],

    "d3-polygon": ["d3-polygon@3.0.1", "", {}, "sha512-3vbA7vXYwfe1SYhED++fPUQlWSYTTGmFmQiany/gdbiWgU/iEyQzyymwL9SkJjFFuCS4902BSzewVGsHHmHtXg=="],

    "d3-quadtree": ["d3-quadtree@3.0.1", "", {}, "sha512-04xDrxQTDTCFwP5H6hRhsRcb9xxv2RzkcsygFzmkSIOJy3PeRJP7sNk3VRIbKXcog561P9oU0/rVH6vDROAgUw=="],

    "d3-random": ["d3-random@3.0.1", "", {}, "sha512-FXMe9GfxTxqd5D6jFsQ+DJ8BJS4E/fT5mqqdjovykEB2oFbTMDVdg1MGFxfQW+FBOGoB++k8swBrgwSHT1cUXQ=="],

    "d3-sankey": ["d3-sankey@0.12.3", "", { "dependencies": { "d3-array": "1 - 2", "d3-shape": "^1.2.0" } }, "sha512-nQhsBRmM19Ax5xEIPLMY9ZmJ/cDvd1BG3UVvt5h3WRxKg5zGRbvnteTyWAbzeSvlh3tW7ZEmq4VwR5mB3tutmQ=="],

    "d3-scale": ["d3-scale@4.0.2", "", { "dependencies": { "d3-array": "2.10.0 - 3", "d3-format": "1 - 3", "d3-interpolate": "1.2.0 - 3", "d3-time": "2.1.1 - 3", "d3-time-format": "2 - 4" } }, "sha512-GZW464g1SH7ag3Y7hXjf8RoUuAFIqklOAq3MRl4OaWabTFJY9PN/E1YklhXLh+OQ3fM9yS2nOkCoS+WLZ6kvxQ=="],

    "d3-scale-chromatic": ["d3-scale-chromatic@3.1.0", "", { "dependencies": { "d3-color": "1 - 3", "d3-interpolate": "1 - 3" } }, "sha512-A3s5PWiZ9YCXFye1o246KoscMWqf8BsD9eRiJ3He7C9OBaxKhAd5TFCdEx/7VbKtxxTsu//1mMJFrEt572cEyQ=="],

    "d3-selection": ["d3-selection@3.0.0", "", {}, "sha512-fmTRWbNMmsmWq6xJV8D19U/gw/bwrHfNXxrIN+HfZgnzqTHp9jOmKMhsTUjXOJnZOdZY9Q28y4yebKzqDKlxlQ=="],

    "d3-shape": ["d3-shape@3.2.0", "", { "dependencies": { "d3-path": "^3.1.0" } }, "sha512-SaLBuwGm3MOViRq2ABk3eLoxwZELpH6zhl3FbAoJ7Vm1gofKx6El1Ib5z23NUEhF9AsGl7y+dzLe5Cw2AArGTA=="],

    "d3-time": ["d3-time@3.1.0", "", { "dependencies": { "d3-array": "2 - 3" } }, "sha512-VqKjzBLejbSMT4IgbmVgDjpkYrNWUYJnbCGo874u7MMKIWsILRX+OpX/gTk8MqjpT1A/c6HY2dCA77ZN0lkQ2Q=="],

    "d3-time-format": ["d3-time-format@4.1.0", "", { "dependencies": { "d3-time": "1 - 3" } }, "sha512-dJxPBlzC7NugB2PDLwo9Q8JiTR3M3e4/XANkreKSUxF8vvXKqm1Yfq4Q5dl8budlunRVlUUaDUgFt7eA8D6NLg=="],

    "d3-timer": ["d3-timer@3.0.1", "", {}, "sha512-ndfJ/JxxMd3nw31uyKoY2naivF+r29V+Lc0svZxe1JvvIRmi8hUsrMvdOwgS1o6uBHmiz91geQ0ylPP0aj1VUA=="],

    "d3-transition": ["d3-transition@3.0.1", "", { "dependencies": { "d3-color": "1 - 3", "d3-dispatch": "1 - 3", "d3-ease": "1 - 3", "d3-interpolate": "1 - 3", "d3-timer": "1 - 3" }, "peerDependencies": { "d3-selection": "2 - 3" } }, "sha512-ApKvfjsSR6tg06xrL434C0WydLr7JewBB3V+/39RMHsaXTOG0zmt/OAXeng5M5LBm0ojmxJrpomQVZ1aPvBL4w=="],

    "d3-zoom": ["d3-zoom@3.0.0", "", { "dependencies": { "d3-dispatch": "1 - 3", "d3-drag": "2 - 3", "d3-interpolate": "1 - 3", "d3-selection": "2 - 3", "d3-transition": "2 - 3" } }, "sha512-b8AmV3kfQaqWAuacbPuNbL6vahnOJflOhexLzMMNLga62+/nh0JzvJ0aO/5a5MVgUFGS7Hu1P9P03o3fJkDCyw=="],

    "dagre-d3-es": ["dagre-d3-es@7.0.13", "", { "dependencies": { "d3": "^7.9.0", "lodash-es": "^4.17.21" } }, "sha512-efEhnxpSuwpYOKRm/L5KbqoZmNNukHa/Flty4Wp62JRvgH2ojwVgPgdYyr4twpieZnyRDdIH7PY2mopX26+j2Q=="],

    "dayjs": ["dayjs@1.11.19", "", {}, "sha512-t5EcLVS6QPBNqM2z8fakk/NKel+Xzshgt8FFKAn+qwlD1pzZWxh0nVCrvFK7ZDb6XucZeF9z8C7CBWTRIVApAw=="],

    "delaunator": ["delaunator@5.0.1", "", { "dependencies": { "robust-predicates": "^3.0.2" } }, "sha512-8nvh+XBe96aCESrGOqMp/84b13H9cdKbG5P2ejQCh4d4sK9RL4371qou9drQjMhvnPmhWl5hnmqbEE0fXr9Xnw=="],

    "dompurify": ["dompurify@3.3.1", "", { "optionalDependencies": { "@types/trusted-types": "^2.0.7" } }, "sha512-qkdCKzLNtrgPFP1Vo+98FRzJnBRGe4ffyCea9IwHB1fyxPOeNTHpLKYGd4Uk9xvNoH0ZoOjwZxNptyMwqrId1Q=="],

    "entities": ["entities@4.5.0", "", {}, ""],

    "esbuild": ["esbuild@0.20.2", "", { "optionalDependencies": { "@esbuild/darwin-arm64": "0.20.2" }, "bin": "bin/esbuild" }, ""],

    "estree-walker": ["estree-walker@2.0.2", "", {}, ""],

    "focus-trap": ["focus-trap@7.5.4", "", { "dependencies": { "tabbable": "^6.2.0" } }, ""],

    "fsevents": ["fsevents@2.3.3", "", { "os": "darwin" }, ""],

    "hachure-fill": ["hachure-fill@0.5.2", "", {}, "sha512-3GKBOn+m2LX9iq+JC1064cSFprJY4jL1jCXTcpnfER5HYE2l/4EfWSGzkPa/ZDBmYI0ZOEj5VHV/eKnPGkHuOg=="],

    "hookable": ["hookable@5.5.3", "", {}, ""],

    "iconv-lite": ["iconv-lite@0.6.3", "", { "dependencies": { "safer-buffer": ">= 2.1.2 < 3.0.0" } }, "sha512-4fCk79wshMdzMp2rH06qWrJE4iolqLhCUH+OiuIgU++RB0+94NlDL81atO7GX55uUKueo0txHNtvEyI6D7WdMw=="],

    "internmap": ["internmap@1.0.1", "", {}, "sha512-lDB5YccMydFBtasVtxnZ3MRBHuaoE8GKsppq+EchKL2U4nK/DmEpPHNH8MZe5HkMtpSiTSOZwfN0tzYjO/lJEw=="],

    "katex": ["katex@0.16.33", "", { "dependencies": { "commander": "^8.3.0" }, "bin": { "katex": "cli.js" } }, "sha512-q3N5u+1sY9Bu7T4nlXoiRBXWfwSefNGoKeOwekV+gw0cAXQlz2Ww6BLcmBxVDeXBMUDQv6fK5bcNaJLxob3ZQA=="],

    "khroma": ["khroma@2.1.0", "", {}, "sha512-Ls993zuzfayK269Svk9hzpeGUKob/sIgZzyHYdjQoAdQetRKpOLj+k/QQQ/6Qi0Yz65mlROrfd+Ev+1+7dz9Kw=="],

    "langium": ["langium@4.2.1", "", { "dependencies": { "chevrotain": "~11.1.1", "chevrotain-allstar": "~0.3.1", "vscode-languageserver": "~9.0.1", "vscode-languageserver-textdocument": "~1.0.11", "vscode-uri": "~3.1.0" } }, "sha512-zu9QWmjpzJcomzdJQAHgDVhLGq5bLosVak1KVa40NzQHXfqr4eAHupvnPOVXEoLkg6Ocefvf/93d//SB7du4YQ=="],

    "layout-base": ["layout-base@1.0.2", "", {}, "sha512-8h2oVEZNktL4BH2JCOI90iD1yXwL6iNW7KcCKT2QZgQJR2vbqDsldCTPRU9NifTCqHZci57XvQQ15YTu+sTYPg=="],

    "lodash-es": ["lodash-es@4.17.23", "", {}, "sha512-kVI48u3PZr38HdYz98UmfPnXl2DXrpdctLrFLCd3kOx1xUkOmpFPx7gCWWM5MPkL/fD8zb+Ph0QzjGFs4+hHWg=="],

    "magic-string": ["magic-string@0.30.8", "", { "dependencies": { "@jridgewell/sourcemap-codec": "^1.4.15" } }, ""],

    "mark.js": ["mark.js@8.11.1", "", {}, ""],

    "marked": ["marked@16.4.2", "", { "bin": { "marked": "bin/marked.js" } }, "sha512-TI3V8YYWvkVf3KJe1dRkpnjs68JUPyEa5vjKrp1XEEJUAOaQc+Qj+L1qWbPd0SJuAdQkFU0h73sXXqwDYxsiDA=="],

    "mermaid": ["mermaid@11.12.3", "", { "dependencies": { "@braintree/sanitize-url": "^7.1.1", "@iconify/utils": "^3.0.1", "@mermaid-js/parser": "^1.0.0", "@types/d3": "^7.4.3", "cytoscape": "^3.29.3", "cytoscape-cose-bilkent": "^4.1.0", "cytoscape-fcose": "^2.2.0", "d3": "^7.9.0", "d3-sankey": "^0.12.3", "dagre-d3-es": "7.0.13", "dayjs": "^1.11.18", "dompurify": "^3.2.5", "katex": "^0.16.22", "khroma": "^2.1.0", "lodash-es": "^4.17.23", "marked": "^16.2.1", "roughjs": "^4.6.6", "stylis": "^4.3.6", "ts-dedent": "^2.2.0", "uuid": "^11.1.0" } }, "sha512-wN5ZSgJQIC+CHJut9xaKWsknLxaFBwCPwPkGTSUYrTiHORWvpT8RxGk849HPnpUAQ+/9BPRqYb80jTpearrHzQ=="],

    "minisearch": ["minisearch@6.3.0", "", {}, ""],

    "mitt": ["mitt@3.0.1", "", {}, ""],

    "mlly": ["mlly@1.8.0", "", { "dependencies": { "acorn": "^8.15.0", "pathe": "^2.0.3", "pkg-types": "^1.3.1", "ufo": "^1.6.1" } }, "sha512-l8D9ODSRWLe2KHJSifWGwBqpTZXIXTeo8mlKjY+E2HAakaTeNpqAyBZ8GSqLzHgw4XmHmC8whvpjJNMbFZN7/g=="],

    "nanoid": ["nanoid@3.3.7", "", { "bin": "bin/nanoid.cjs" }, ""],

    "non-layered-tidy-tree-layout": ["non-layered-tidy-tree-layout@2.0.2", "", {}, "sha512-gkXMxRzUH+PB0ax9dUN0yYF0S25BqeAYqhgMaLUFmpXLEk7Fcu8f4emJuOAY0V8kjDICxROIKsTAKsV/v355xw=="],

    "package-manager-detector": ["package-manager-detector@1.6.0", "", {}, "sha512-61A5ThoTiDG/C8s8UMZwSorAGwMJ0ERVGj2OjoW5pAalsNOg15+iQiPzrLJ4jhZ1HJzmC2PIHT2oEiH3R5fzNA=="],

    "path-data-parser": ["path-data-parser@0.1.0", "", {}, "sha512-NOnmBpt5Y2RWbuv0LMzsayp3lVylAHLPUTut412ZA3l+C4uw4ZVkQbjShYCQ8TCpUMdPapr4YjUqLYD6v68j+w=="],

    "pathe": ["pathe@2.0.3", "", {}, "sha512-WUjGcAqP1gQacoQe+OBJsFA7Ld4DyXuUIjZ5cc75cLHvJ7dtNsTugphxIADwspS+AraAUePCKrSVtPLFj/F88w=="],

    "perfect-debounce": ["perfect-debounce@1.0.0", "", {}, ""],

    "picocolors": ["picocolors@1.0.0", "", {}, ""],

    "pkg-types": ["pkg-types@1.3.1", "", { "dependencies": { "confbox": "^0.1.8", "mlly": "^1.7.4", "pathe": "^2.0.1" } }, "sha512-/Jm5M4RvtBFVkKWRu2BLUTNP8/M2a+UwuAX+ae4770q1qVGtfjG+WTCupoZixokjmHiry8uI+dlY8KXYV5HVVQ=="],

    "points-on-curve": ["points-on-curve@0.2.0", "", {}, "sha512-0mYKnYYe9ZcqMCWhUjItv/oHjvgEsfKvnUTg8sAtnHr3GVy7rGkXCb6d5cSyqrWqL4k81b9CPg3urd+T7aop3A=="],

    "points-on-path": ["points-on-path@0.2.1", "", { "dependencies": { "path-data-parser": "0.1.0", "points-on-curve": "0.2.0" } }, "sha512-25ClnWWuw7JbWZcgqY/gJ4FQWadKxGWk+3kR/7kD0tCaDtPPMj7oHu2ToLaVhfpnHrZzYby2w6tUA0eOIuUg8g=="],

    "postcss": ["postcss@8.4.38", "", { "dependencies": { "nanoid": "^3.3.7", "picocolors": "^1.0.0", "source-map-js": "^1.2.0" } }, ""],

    "preact": ["preact@10.20.1", "", {}, ""],

    "rfdc": ["rfdc@1.3.1", "", {}, ""],

    "robust-predicates": ["robust-predicates@3.0.2", "", {}, "sha512-IXgzBWvWQwE6PrDI05OvmXUIruQTcoMDzRsOd5CDvHCVLcLHMTSYvOK5Cm46kWqlV3yAbuSpBZdJ5oP5OUoStg=="],

    "rollup": ["rollup@4.13.0", "", { "dependencies": { "@types/estree": "1.0.5" }, "optionalDependencies": { "@rollup/rollup-darwin-arm64": "4.13.0", "fsevents": "~2.3.2" }, "bin": "dist/bin/rollup" }, ""],

    "roughjs": ["roughjs@4.6.6", "", { "dependencies": { "hachure-fill": "^0.5.2", "path-data-parser": "^0.1.0", "points-on-curve": "^0.2.0", "points-on-path": "^0.2.1" } }, "sha512-ZUz/69+SYpFN/g/lUlo2FXcIjRkSu3nDarreVdGGndHEBJ6cXPdKguS8JGxwj5HA5xIbVKSmLgr5b3AWxtRfvQ=="],

    "rw": ["rw@1.3.3", "", {}, "sha512-PdhdWy89SiZogBLaw42zdeqtRJ//zFd2PgQavcICDUgJT5oW10QCRKbJ6bg4r0/UY2M6BWd5tkxuGFRvCkgfHQ=="],

    "safer-buffer": ["safer-buffer@2.1.2", "", {}, "sha512-YZo3K82SD7Riyi0E1EQPojLz7kpepnSQI9IyPbHHg1XXXevb5dJI7tpyN2ADxGcQbHG7vcyRHk0cbwqcQriUtg=="],

    "search-insights": ["search-insights@2.13.0", "", {}, "sha512-Orrsjf9trHHxFRuo9/rzm0KIWmgzE8RMlZMzuhZOJ01Rnz3D0YBAe+V6473t6/H6c7irs6Lt48brULAiRWb3Vw=="],

    "shiki": ["shiki@1.2.0", "", { "dependencies": { "@shikijs/core": "1.2.0" } }, ""],

    "source-map-js": ["source-map-js@1.2.0", "", {}, ""],

    "speakingurl": ["speakingurl@14.0.1", "", {}, ""],

    "stylis": ["stylis@4.3.6", "", {}, "sha512-yQ3rwFWRfwNUY7H5vpU0wfdkNSnvnJinhF9830Swlaxl03zsOjCfmX0ugac+3LtK0lYSgwL/KXc8oYL3mG4YFQ=="],

    "tabbable": ["tabbable@6.2.0", "", {}, ""],

    "tinyexec": ["tinyexec@1.0.2", "", {}, "sha512-W/KYk+NFhkmsYpuHq5JykngiOCnxeVL8v8dFnqxSD8qEEdRfXk1SDM6JzNqcERbcGYj9tMrDQBYV9cjgnunFIg=="],

    "ts-dedent": ["ts-dedent@2.2.0", "", {}, "sha512-q5W7tVM71e2xjHZTlgfTDoPF/SmqKG5hddq9SzR49CH2hayqRKJtQ4mtRlSxKaJlR/+9rEM+mnBHf7I2/BQcpQ=="],

    "ufo": ["ufo@1.6.3", "", {}, "sha512-yDJTmhydvl5lJzBmy/hyOAA0d+aqCBuwl818haVdYCRrWV84o7YyeVm4QlVHStqNrrJSTb6jKuFAVqAFsr+K3Q=="],

    "uuid": ["uuid@11.1.0", "", { "bin": { "uuid": "dist/esm/bin/uuid" } }, "sha512-0/A9rDy9P7cJ+8w1c9WD9V//9Wj15Ce2MPz8Ri6032usz+NfePxx5AcN3bN+r6ZL6jEo066/yNYB3tn4pQEx+A=="],

    "vite": ["vite@5.2.6", "", { "dependencies": { "esbuild": "^0.20.1", "postcss": "^8.4.36", "rollup": "^4.13.0" }, "optionalDependencies": { "fsevents": "~2.3.3" }, "peerDependencies": { "@types/node": "^18.0.0 || >=20.0.0", "less": "*", "lightningcss": "^1.21.0", "sass": "*", "stylus": "*", "sugarss": "*", "terser": "^5.4.0" }, "optionalPeers": ["@types/node", "less", "lightningcss", "sass", "stylus", "sugarss", "terser"], "bin": "bin/vite.js" }, ""],

    "vitepress": ["vitepress@1.0.1", "", { "dependencies": { "@docsearch/css": "^3.6.0", "@docsearch/js": "^3.6.0", "@shikijs/core": "^1.2.0", "@shikijs/transformers": "^1.2.0", "@types/markdown-it": "^13.0.7", "@vitejs/plugin-vue": "^5.0.4", "@vue/devtools-api": "^7.0.16", "@vueuse/core": "^10.9.0", "@vueuse/integrations": "^10.9.0", "focus-trap": "^7.5.4", "mark.js": "8.11.1", "minisearch": "^6.3.0", "shiki": "^1.2.0", "vite": "^5.2.2", "vue": "^3.4.21" }, "peerDependencies": { "markdown-it-mathjax3": "^4", "postcss": "^8" }, "optionalPeers": ["markdown-it-mathjax3"], "bin": "bin/vitepress.js" }, ""],

    "vitepress-plugin-mermaid": ["vitepress-plugin-mermaid@2.0.17", "", { "optionalDependencies": { "@mermaid-js/mermaid-mindmap": "^9.3.0" }, "peerDependencies": { "mermaid": "10 || 11", "vitepress": "^1.0.0 || ^1.0.0-alpha" } }, "sha512-IUzYpwf61GC6k0XzfmAmNrLvMi9TRrVRMsUyCA8KNXhg/mQ1VqWnO0/tBVPiX5UoKF1mDUwqn5QV4qAJl6JnUg=="],

    "vscode-jsonrpc": ["vscode-jsonrpc@8.2.0", "", {}, "sha512-C+r0eKJUIfiDIfwJhria30+TYWPtuHJXHtI7J0YlOmKAo7ogxP20T0zxB7HZQIFhIyvoBPwWskjxrvAtfjyZfA=="],

    "vscode-languageserver": ["vscode-languageserver@9.0.1", "", { "dependencies": { "vscode-languageserver-protocol": "3.17.5" }, "bin": { "installServerIntoExtension": "bin/installServerIntoExtension" } }, "sha512-woByF3PDpkHFUreUa7Hos7+pUWdeWMXRd26+ZX2A8cFx6v/JPTtd4/uN0/jB6XQHYaOlHbio03NTHCqrgG5n7g=="],

    "vscode-languageserver-protocol": ["vscode-languageserver-protocol@3.17.5", "", { "dependencies": { "vscode-jsonrpc": "8.2.0", "vscode-languageserver-types": "3.17.5" } }, "sha512-mb1bvRJN8SVznADSGWM9u/b07H7Ecg0I3OgXDuLdn307rl/J3A9YD6/eYOssqhecL27hK1IPZAsaqh00i/Jljg=="],

    "vscode-languageserver-textdocument": ["vscode-languageserver-textdocument@1.0.12", "", {}, "sha512-cxWNPesCnQCcMPeenjKKsOCKQZ/L6Tv19DTRIGuLWe32lyzWhihGVJ/rcckZXJxfdKCFvRLS3fpBIsV/ZGX4zA=="],

    "vscode-languageserver-types": ["vscode-languageserver-types@3.17.5", "", {}, "sha512-Ld1VelNuX9pdF39h2Hgaeb5hEZM2Z3jUrrMgWQAu82jMtZp7p3vJT3BzToKtZI7NgQssZje5o0zryOrhQvzQAg=="],

    "vscode-uri": ["vscode-uri@3.1.0", "", {}, "sha512-/BpdSx+yCQGnCvecbyXdxHDkuk55/G3xwnC0GqY4gmQ3j+A+g8kzzgB4Nk/SINjqn6+waqw3EgbVF2QKExkRxQ=="],

    "vue": ["vue@3.4.21", "", { "dependencies": { "@vue/compiler-dom": "3.4.21", "@vue/compiler-sfc": "3.4.21", "@vue/runtime-dom": "3.4.21", "@vue/server-renderer": "3.4.21", "@vue/shared": "3.4.21" }, "peerDependencies": { "typescript": "*" }, "optionalPeers": ["typescript"] }, ""],

    "vue-demi": ["vue-demi@0.14.7", "", { "peerDependencies": { "@vue/composition-api": "^1.0.0-rc.1", "vue": "^3.0.0-0 || ^2.6.0" }, "optionalPeers": ["@vue/composition-api"], "bin": { "vue-demi-fix": "bin/vue-demi-fix.js", "vue-demi-switch": "bin/vue-demi-switch.js" } }, ""],

    "@mermaid-js/mermaid-mindmap/@braintree/sanitize-url": ["@braintree/sanitize-url@6.0.4", "", {}, "sha512-s3jaWicZd0pkP0jf5ysyHUI/RE7MHos6qlToFcGWXVp+ykHOy77OUMrfbgJ9it2C5bow7OIQwYYaHjk9XlBQ2A=="],

    "cytoscape-fcose/cose-base": ["cose-base@2.2.0", "", { "dependencies": { "layout-base": "^2.0.0" } }, "sha512-AzlgcsCbUMymkADOJtQm3wO9S3ltPfYOFD5033keQn9NJzIbtnZj+UdBJe7DYml/8TdbtHJW3j58SOnKhWY/5g=="],

    "d3-dsv/commander": ["commander@7.2.0", "", {}, "sha512-QrWXB+ZQSVPmIWIhtEO9H+gwHaMGYiF5ChvoJ+K9ZGHG/sVsa6yiesAD1GC/x46sET00Xlwo1u49RVVVzvcSkw=="],

    "d3-sankey/d3-array": ["d3-array@2.12.1", "", { "dependencies": { "internmap": "^1.0.0" } }, "sha512-B0ErZK/66mHtEsR1TkPEEkwdy+WDesimkM5gpZr5Dsg54BiTA5RXtYW5qTLIAcekaS9xfZrzBLF/OAkB3Qn1YQ=="],

    "d3-sankey/d3-shape": ["d3-shape@1.3.7", "", { "dependencies": { "d3-path": "1" } }, "sha512-EUkvKjqPFUAZyOlhY5gzCxCeI0Aep04LwIRpsZ/mLFelJiUfnK56jo5JMDSE7yyP2kLSb6LtF+S5chMk7uqPqw=="],

    "cytoscape-fcose/cose-base/layout-base": ["layout-base@2.0.1", "", {}, "sha512-dp3s92+uNI1hWIpPGH3jK2kxE2lMjdXdr+DH8ynZHpd6PUlH6x6cbuXnoMmiNumznqaNO31xu9e79F0uuZ0JFg=="],

    "d3-sankey/d3-shape/d3-path": ["d3-path@1.0.9", "", {}, "sha512-VLaYcn81dtHVTjEHd8B+pbe9yHWpXKZUC87PzoFmsFrJqgFwDe/qxfp5MlfsfM1V5E/iVt0MmEbWQ7FVIXh/bg=="],
  }
}
