# THIS IS AN AUTOGENERATED FILE. DO NOT EDIT THIS FILE DIRECTLY.
# yarn lockfile v1


"@playwright/test@^1.61.0":
  version "1.61.0"
  resolved "https://registry.yarnpkg.com/@playwright/test/-/test-1.61.0.tgz#dcc3d43e581aab2985d70413309d89350e980ad8"
  integrity sha512-cKA5B6lpFEMyMGjxF54QihfYpB4FkEGH+qZhtArDEG+wezQAJY8Pq6C7T1SjWz+FFzt3TbyoXBQYk/0292TdJA==
  dependencies:
    playwright "1.61.0"

fsevents@2.3.2:
  version "2.3.2"
  resolved "https://registry.yarnpkg.com/fsevents/-/fsevents-2.3.2.tgz#8a526f78b8fdf4623b709e0b975c52c24c02fd1a"
  integrity sha512-xiqMQR4xAeHTuB9uWm+fFRcIOgKBMiOBP+eXiyT7jsgVCq1bkVygt00oASowB7EdtpOHaaPgKt812P9ab+DDKA==

playwright-core@1.61.0:
  version "1.61.0"
  resolved "https://registry.yarnpkg.com/playwright-core/-/playwright-core-1.61.0.tgz#caf8078b2a39cd7738dc75ec11cb3b47f385c3f0"
  integrity sha512-caX7TrY3Ml6egyDX0WUcTHDxodl/b51y5wJOdCEA36QviK/s2g081hvmGs8eaE3DWb6NYZQ6BjO/QkNRPenoPA==

playwright@1.61.0:
  version "1.61.0"
  resolved "https://registry.yarnpkg.com/playwright/-/playwright-1.61.0.tgz#7082df3df08ffa82b11420ea5fae84a40bd16e3f"
  integrity sha512-Z+7BeeqQPRRzklHsVFP4KTGIyMxKUmfeRA4WisM6G3/XW6nwGeX6fX9qYaDa+CiUqpOkb2f6X3nar05R3kSuJQ==
  dependencies:
    playwright-core "1.61.0"
  optionalDependencies:
    fsevents "2.3.2"
